
Microsoft Visual Studio Solution File, Format Version 12.00
# Visual Studio Version 17
VisualStudioVersion = 17.2.32505.173
MinimumVisualStudioVersion = 10.0.40219.1
Project("{F184B08F-C81C-45F6-A57F-5ABD9991F28F}") = "mathsquiz", "mathsquiz\mathsquiz.vbproj", "{92AA07FA-0AA9-483D-9FFB-73F991F1FB44}"
EndProject
Global
	GlobalSection(SolutionConfigurationPlatforms) = preSolution
		Debug|Any CPU = Debug|Any CPU
		Release|Any CPU = Release|Any CPU
	EndGlobalSection
	GlobalSection(ProjectConfigurationPlatforms) = postSolution
		{92AA07FA-0AA9-483D-9FFB-73F991F1FB44}.Debug|Any CPU.ActiveCfg = Debug|Any CPU
		{92AA07FA-0AA9-483D-9FFB-73F991F1FB44}.Debug|Any CPU.Build.0 = Debug|Any CPU
		{92AA07FA-0AA9-483D-9FFB-73F991F1FB44}.Release|Any CPU.ActiveCfg = Release|Any CPU
		{92AA07FA-0AA9-483D-9FFB-73F991F1FB44}.Release|Any CPU.Build.0 = Release|Any CPU
	EndGlobalSection
	GlobalSection(SolutionProperties) = preSolution
		HideSolutionNode = FALSE
	EndGlobalSection
	GlobalSection(ExtensibilityGlobals) = postSolution
		SolutionGuid = {8F250EF8-0DFA-4D1F-8F5E-C9F123101C73}
	EndGlobalSection
EndGlobal
